// !$*UTF8*$!
{
	archiveVersion = 1;
	classes = {
	};
	objectVersion = 46;
	objects = {

/* Begin PBXBuildFile section */
		7FE3E23D1AA2BBDD00D8D69B /* AppDelegate.swift in Sources */ = {isa = PBXBuildFile; fileRef = 7FE3E23C1AA2BBDD00D8D69B /* AppDelegate.swift */; };
		7FE3E23F1AA2BBDD00D8D69B /* ViewController.swift in Sources */ = {isa = PBXBuildFile; fileRef = 7FE3E23E1AA2BBDD00D8D69B /* ViewController.swift */; };
		7FE3E2421AA2BBDD00D8D69B /* Main.storyboard in Resources */ = {isa = PBXBuildFile; fileRef = 7FE3E2401AA2BBDD00D8D69B /* Main.storyboard */; };
		7FE3E2441AA2BBDD00D8D69B /* Images.xcassets in Resources */ = {isa = PBXBuildFile; fileRef = 7FE3E2431AA2BBDD00D8D69B /* Images.xcassets */; };
		7FE3E2471AA2BBDD00D8D69B /* LaunchScreen.xib in Resources */ = {isa = PBXBuildFile; fileRef = 7FE3E2451AA2BBDD00D8D69B /* LaunchScreen.xib */; };
		7FE3E2531AA2BBDD00D8D69B /* HolderTextViewTestTests.swift in Sources */ = {isa = PBXBuildFile; fileRef = 7FE3E2521AA2BBDD00D8D69B /* HolderTextViewTestTests.swift */; };
		7FE3E2621AA2BC2500D8D69B /* HolderTextView.swift in Sources */ = {isa = PBXBuildFile; fileRef = 7FE3E2611AA2BC2500D8D69B /* HolderTextView.swift */; };
		7FE3E2651AA2E44E00D8D69B /* TextViewController.swift in Sources */ = {isa = PBXBuildFile; fileRef = 7FE3E2631AA2E44E00D8D69B /* TextViewController.swift */; };
		7FE3E2661AA2E44E00D8D69B /* TextViewController.xib in Resources */ = {isa = PBXBuildFile; fileRef = 7FE3E2641AA2E44E00D8D69B /* TextViewController.xib */; };
/* End PBXBuildFile section */

/* Begin PBXContainerItemProxy section */
		7FE3E24D1AA2BBDD00D8D69B /* PBXContainerItemProxy */ = {
			isa = PBXContainerItemProxy;
			containerPortal = 7FE3E22F1AA2BBDD00D8D69B /* Project object */;
			proxyType = 1;
			remoteGlobalIDString = 7FE3E2361AA2BBDD00D8D69B;
			remoteInfo = HolderTextViewTest;
		};
/* End PBXContainerItemProxy section */

/* Begin PBXFileReference section */
		7FE3E2371AA2BBDD00D8D69B /* HolderTextViewTest.app */ = {isa = PBXFileReference; explicitFileType = wrapper.application; includeInIndex = 0; path = HolderTextViewTest.app; sourceTree = BUILT_PRODUCTS_DIR; };
		7FE3E23B1AA2BBDD00D8D69B /* Info.plist */ = {isa = PBXFileReference; lastKnownFileType = text.plist.xml; path = Info.plist; sourceTree = "<group>"; };
		7FE3E23C1AA2BBDD00D8D69B /* AppDelegate.swift */ = {isa = PBXFileReference; lastKnownFileType = sourcecode.swift; path = AppDelegate.swift; sourceTree = "<group>"; };
		7FE3E23E1AA2BBDD00D8D69B /* ViewController.swift */ = {isa = PBXFileReference; lastKnownFileType = sourcecode.swift; path = ViewController.swift; sourceTree = "<group>"; };
		7FE3E2411AA2BBDD00D8D69B /* Base */ = {isa = PBXFileReference; lastKnownFileType = file.storyboard; name = Base; path = Base.lproj/Main.storyboard; sourceTree = "<group>"; };
		7FE3E2431AA2BBDD00D8D69B /* Images.xcassets */ = {isa = PBXFileReference; lastKnownFileType = folder.assetcatalog; path = Images.xcassets; sourceTree = "<group>"; };
		7FE3E2461AA2BBDD00D8D69B /* Base */ = {isa = PBXFileReference; lastKnownFileType = file.xib; name = Base; path = Base.lproj/LaunchScreen.xib; sourceTree = "<group>"; };
		7FE3E24C1AA2BBDD00D8D69B /* HolderTextViewTestTests.xctest */ = {isa = PBXFileReference; explicitFileType = wrapper.cfbundle; includeInIndex = 0; path = HolderTextViewTestTests.xctest; sourceTree = BUILT_PRODUCTS_DIR; };
		7FE3E2511AA2BBDD00D8D69B /* Info.plist */ = {isa = PBXFileReference; lastKnownFileType = text.plist.xml; path = Info.plist; sourceTree = "<group>"; };
		7FE3E2521AA2BBDD00D8D69B /* HolderTextViewTestTests.swift */ = {isa = PBXFileReference; lastKnownFileType = sourcecode.swift; path = HolderTextViewTestTests.swift; sourceTree = "<group>"; };
		7FE3E2611AA2BC2500D8D69B /* HolderTextView.swift */ = {isa = PBXFileReference; fileEncoding = 4; lastKnownFileType = sourcecode.swift; path = HolderTextView.swift; sourceTree = "<group>"; };
		7FE3E2631AA2E44E00D8D69B /* TextViewController.swift */ = {isa = PBXFileReference; fileEncoding = 4; lastKnownFileType = sourcecode.swift; path = TextViewController.swift; sourceTree = "<group>"; };
		7FE3E2641AA2E44E00D8D69B /* TextViewController.xib */ = {isa = PBXFileReference; fileEncoding = 4; lastKnownFileType = file.xib; path = TextViewController.xib; sourceTree = "<group>"; };
/* End PBXFileReference section */

/* Begin PBXFrameworksBuildPhase section */
		7FE3E2341AA2BBDD00D8D69B /* Frameworks */ = {
			isa = PBXFrameworksBuildPhase;
			buildActionMask = 2147483647;
			files = (
			);
			runOnlyForDeploymentPostprocessing = 0;
		};
		7FE3E2491AA2BBDD00D8D69B /* Frameworks */ = {
			isa = PBXFrameworksBuildPhase;
			buildActionMask = 2147483647;
			files = (
			);
			runOnlyForDeploymentPostprocessing = 0;
		};
/* End PBXFrameworksBuildPhase section */

/* Begin PBXGroup section */
		7FE3E22E1AA2BBDD00D8D69B = {
			isa = PBXGroup;
			children = (
				7FE3E2391AA2BBDD00D8D69B /* HolderTextViewTest */,
				7FE3E24F1AA2BBDD00D8D69B /* HolderTextViewTestTests */,
				7FE3E2381AA2BBDD00D8D69B /* Products */,
			);
			sourceTree = "<group>";
		};
		7FE3E2381AA2BBDD00D8D69B /* Products */ = {
			isa = PBXGroup;
			children = (
				7FE3E2371AA2BBDD00D8D69B /* HolderTextViewTest.app */,
				7FE3E24C1AA2BBDD00D8D69B /* HolderTextViewTestTests.xctest */,
			);
			name = Products;
			sourceTree = "<group>";
		};
		7FE3E2391AA2BBDD00D8D69B /* HolderTextViewTest */ = {
			isa = PBXGroup;
			children = (
				7FE3E2601AA2BC2500D8D69B /* HolderTextView */,
				7FE3E23C1AA2BBDD00D8D69B /* AppDelegate.swift */,
				7FE3E2631AA2E44E00D8D69B /* TextViewController.swift */,
				7FE3E2641AA2E44E00D8D69B /* TextViewController.xib */,
				7FE3E23E1AA2BBDD00D8D69B /* ViewController.swift */,
				7FE3E2401AA2BBDD00D8D69B /* Main.storyboard */,
				7FE3E2431AA2BBDD00D8D69B /* Images.xcassets */,
				7FE3E2451AA2BBDD00D8D69B /* LaunchScreen.xib */,
				7FE3E23A1AA2BBDD00D8D69B /* Supporting Files */,
			);
			path = HolderTextViewTest;
			sourceTree = "<group>";
		};
		7FE3E23A1AA2BBDD00D8D69B /* Supporting Files */ = {
			isa = PBXGroup;
			children = (
				7FE3E23B1AA2BBDD00D8D69B /* Info.plist */,
			);
			name = "Supporting Files";
			sourceTree = "<group>";
		};
		7FE3E24F1AA2BBDD00D8D69B /* HolderTextViewTestTests */ = {
			isa = PBXGroup;
			children = (
				7FE3E2521AA2BBDD00D8D69B /* HolderTextViewTestTests.swift */,
				7FE3E2501AA2BBDD00D8D69B /* Supporting Files */,
			);
			path = HolderTextViewTestTests;
			sourceTree = "<group>";
		};
		7FE3E2501AA2BBDD00D8D69B /* Supporting Files */ = {
			isa = PBXGroup;
			children = (
				7FE3E2511AA2BBDD00D8D69B /* Info.plist */,
			);
			name = "Supporting Files";
			sourceTree = "<group>";
		};
		7FE3E2601AA2BC2500D8D69B /* HolderTextView */ = {
			isa = PBXGroup;
			children = (
				7FE3E2611AA2BC2500D8D69B /* HolderTextView.swift */,
			);
			path = HolderTextView;
			sourceTree = "<group>";
		};
/* End PBXGroup section */

/* Begin PBXNativeTarget section */
		7FE3E2361AA2BBDD00D8D69B /* HolderTextViewTest */ = {
			isa = PBXNativeTarget;
			buildConfigurationList = 7FE3E2561AA2BBDD00D8D69B /* Build configuration list for PBXNativeTarget "HolderTextViewTest" */;
			buildPhases = (
				7FE3E2331AA2BBDD00D8D69B /* Sources */,
				7FE3E2341AA2BBDD00D8D69B /* Frameworks */,
				7FE3E2351AA2BBDD00D8D69B /* Resources */,
			);
			buildRules = (
			);
			dependencies = (
			);
			name = HolderTextViewTest;
			productName = HolderTextViewTest;
			productReference = 7FE3E2371AA2BBDD00D8D69B /* HolderTextViewTest.app */;
			productType = "com.apple.product-type.application";
		};
		7FE3E24B1AA2BBDD00D8D69B /* HolderTextViewTestTests */ = {
			isa = PBXNativeTarget;
			buildConfigurationList = 7FE3E2591AA2BBDD00D8D69B /* Build configuration list for PBXNativeTarget "HolderTextViewTestTests" */;
			buildPhases = (
				7FE3E2481AA2BBDD00D8D69B /* Sources */,
				7FE3E2491AA2BBDD00D8D69B /* Frameworks */,
				7FE3E24A1AA2BBDD00D8D69B /* Resources */,
			);
			buildRules = (
			);
			dependencies = (
				7FE3E24E1AA2BBDD00D8D69B /* PBXTargetDependency */,
			);
			name = HolderTextViewTestTests;
			productName = HolderTextViewTestTests;
			productReference = 7FE3E24C1AA2BBDD00D8D69B /* HolderTextViewTestTests.xctest */;
			productType = "com.apple.product-type.bundle.unit-test";
		};
/* End PBXNativeTarget section */

/* Begin PBXProject section */
		7FE3E22F1AA2BBDD00D8D69B /* Project object */ = {
			isa = PBXProject;
			attributes = {
				LastUpgradeCheck = 0610;
				ORGANIZATIONNAME = "陈鲲鹏";
				TargetAttributes = {
					7FE3E2361AA2BBDD00D8D69B = {
						CreatedOnToolsVersion = 6.1.1;
					};
					7FE3E24B1AA2BBDD00D8D69B = {
						CreatedOnToolsVersion = 6.1.1;
						TestTargetID = 7FE3E2361AA2BBDD00D8D69B;
					};
				};
			};
			buildConfigurationList = 7FE3E2321AA2BBDD00D8D69B /* Build configuration list for PBXProject "HolderTextViewTest" */;
			compatibilityVersion = "Xcode 3.2";
			developmentRegion = English;
			hasScannedForEncodings = 0;
			knownRegions = (
				en,
				Base,
			);
			mainGroup = 7FE3E22E1AA2BBDD00D8D69B;
			productRefGroup = 7FE3E2381AA2BBDD00D8D69B /* Products */;
			projectDirPath = "";
			projectRoot = "";
			targets = (
				7FE3E2361AA2BBDD00D8D69B /* HolderTextViewTest */,
				7FE3E24B1AA2BBDD00D8D69B /* HolderTextViewTestTests */,
			);
		};
/* End PBXProject section */

/* Begin PBXResourcesBuildPhase section */
		7FE3E2351AA2BBDD00D8D69B /* Resources */ = {
			isa = PBXResourcesBuildPhase;
			buildActionMask = 2147483647;
			files = (
				7FE3E2421AA2BBDD00D8D69B /* Main.storyboard in Resources */,
				7FE3E2471AA2BBDD00D8D69B /* LaunchScreen.xib in Resources */,
				7FE3E2441AA2BBDD00D8D69B /* Images.xcassets in Resources */,
				7FE3E2661AA2E44E00D8D69B /* TextViewController.xib in Resources */,
			);
			runOnlyForDeploymentPostprocessing = 0;
		};
		7FE3E24A1AA2BBDD00D8D69B /* Resources */ = {
			isa = PBXResourcesBuildPhase;
			buildActionMask = 2147483647;
			files = (
			);
			runOnlyForDeploymentPostprocessing = 0;
		};
/* End PBXResourcesBuildPhase section */

/* Begin PBXSourcesBuildPhase section */
		7FE3E2331AA2BBDD00D8D69B /* Sources */ = {
			isa = PBXSourcesBuildPhase;
			buildActionMask = 2147483647;
			files = (
				7FE3E2621AA2BC2500D8D69B /* HolderTextView.swift in Sources */,
				7FE3E23F1AA2BBDD00D8D69B /* ViewController.swift in Sources */,
				7FE3E23D1AA2BBDD00D8D69B /* AppDelegate.swift in Sources */,
				7FE3E2651AA2E44E00D8D69B /* TextViewController.swift in Sources */,
			);
			runOnlyForDeploymentPostprocessing = 0;
		};
		7FE3E2481AA2BBDD00D8D69B /* Sources */ = {
			isa = PBXSourcesBuildPhase;
			buildActionMask = 2147483647;
			files = (
				7FE3E2531AA2BBDD00D8D69B /* HolderTextViewTestTests.swift in Sources */,
			);
			runOnlyForDeploymentPostprocessing = 0;
		};
/* End PBXSourcesBuildPhase section */

/* Begin PBXTargetDependency section */
		7FE3E24E1AA2BBDD00D8D69B /* PBXTargetDependency */ = {
			isa = PBXTargetDependency;
			target = 7FE3E2361AA2BBDD00D8D69B /* HolderTextViewTest */;
			targetProxy = 7FE3E24D1AA2BBDD00D8D69B /* PBXContainerItemProxy */;
		};
/* End PBXTargetDependency section */

/* Begin PBXVariantGroup section */
		7FE3E2401AA2BBDD00D8D69B /* Main.storyboard */ = {
			isa = PBXVariantGroup;
			children = (
				7FE3E2411AA2BBDD00D8D69B /* Base */,
			);
			name = Main.storyboard;
			sourceTree = "<group>";
		};
		7FE3E2451AA2BBDD00D8D69B /* LaunchScreen.xib */ = {
			isa = PBXVariantGroup;
			children = (
				7FE3E2461AA2BBDD00D8D69B /* Base */,
			);
			name = LaunchScreen.xib;
			sourceTree = "<group>";
		};
/* End PBXVariantGroup section */

/* Begin XCBuildConfiguration section */
		7FE3E2541AA2BBDD00D8D69B /* Debug */ = {
			isa = XCBuildConfiguration;
			buildSettings = {
				ALWAYS_SEARCH_USER_PATHS = NO;
				CLANG_CXX_LANGUAGE_STANDARD = "gnu++0x";
				CLANG_CXX_LIBRARY = "libc++";
				CLANG_ENABLE_MODULES = YES;
				CLANG_ENABLE_OBJC_ARC = YES;
				CLANG_WARN_BOOL_CONVERSION = YES;
				CLANG_WARN_CONSTANT_CONVERSION = YES;
				CLANG_WARN_DIRECT_OBJC_ISA_USAGE = YES_ERROR;
				CLANG_WARN_EMPTY_BODY = YES;
				CLANG_WARN_ENUM_CONVERSION = YES;
				CLANG_WARN_INT_CONVERSION = YES;
				CLANG_WARN_OBJC_ROOT_CLASS = YES_ERROR;
				CLANG_WARN_UNREACHABLE_CODE = YES;
				CLANG_WARN__DUPLICATE_METHOD_MATCH = YES;
				"CODE_SIGN_IDENTITY[sdk=iphoneos*]" = "iPhone Developer";
				COPY_PHASE_STRIP = NO;
				ENABLE_STRICT_OBJC_MSGSEND = YES;
				GCC_C_LANGUAGE_STANDARD = gnu99;
				GCC_DYNAMIC_NO_PIC = NO;
				GCC_OPTIMIZATION_LEVEL = 0;
				GCC_PREPROCESSOR_DEFINITIONS = (
					"DEBUG=1",
					"$(inherited)",
				);
				GCC_SYMBOLS_PRIVATE_EXTERN = NO;
				GCC_WARN_64_TO_32_BIT_CONVERSION = YES;
				GCC_WARN_ABOUT_RETURN_TYPE = YES_ERROR;
				GCC_WARN_UNDECLARED_SELECTOR = YES;
				GCC_WARN_UNINITIALIZED_AUTOS = YES_AGGRESSIVE;
				GCC_WARN_UNUSED_FUNCTION = YES;
				GCC_WARN_UNUSED_VARIABLE = YES;
				IPHONEOS_DEPLOYMENT_TARGET = 8.1;
				MTL_ENABLE_DEBUG_INFO = YES;
				ONLY_ACTIVE_ARCH = YES;
				SDKROOT = iphoneos;
				SWIFT_OPTIMIZATION_LEVEL = "-Onone";
			};
			name = Debug;
		};
		7FE3E2551AA2BBDD00D8D69B /* Release */ = {
			isa = XCBuildConfiguration;
			buildSettings = {
				ALWAYS_SEARCH_USER_PATHS = NO;
				CLANG_CXX_LANGUAGE_STANDARD = "gnu++0x";
				CLANG_CXX_LIBRARY = "libc++";
				CLANG_ENABLE_MODULES = YES;
				CLANG_ENABLE_OBJC_ARC = YES;
				CLANG_WARN_BOOL_CONVERSION = YES;
				CLANG_WARN_CONSTANT_CONVERSION = YES;
				CLANG_WARN_DIRECT_OBJC_ISA_USAGE = YES_ERROR;
				CLANG_WARN_EMPTY_BODY = YES;
				CLANG_WARN_ENUM_CONVERSION = YES;
				CLANG_WARN_INT_CONVERSION = YES;
				CLANG_WARN_OBJC_ROOT_CLASS = YES_ERROR;
				CLANG_WARN_UNREACHABLE_CODE = YES;
				CLANG_WARN__DUPLICATE_METHOD_MATCH = YES;
				"CODE_SIGN_IDENTITY[sdk=iphoneos*]" = "iPhone Developer";
				COPY_PHASE_STRIP = YES;
				ENABLE_NS_ASSERTIONS = NO;
				ENABLE_STRICT_OBJC_MSGSEND = YES;
				GCC_C_LANGUAGE_STANDARD = gnu99;
				GCC_WARN_64_TO_32_BIT_CONVERSION = YES;
				GCC_WARN_ABOUT_RETURN_TYPE = YES_ERROR;
				GCC_WARN_UNDECLARED_SELECTOR = YES;
				GCC_WARN_UNINITIALIZED_AUTOS = YES_AGGRESSIVE;
				GCC_WARN_UNUSED_FUNCTION = YES;
				GCC_WARN_UNUSED_VARIABLE = YES;
				IPHONEOS_DEPLOYMENT_TARGET = 8.1;
				MTL_ENABLE_DEBUG_INFO = NO;
				SDKROOT = iphoneos;
				VALIDATE_PRODUCT = YES;
			};
			name = Release;
		};
		7FE3E2571AA2BBDD00D8D69B /* Debug */ = {
			isa = XCBuildConfiguration;
			buildSettings = {
				ASSETCATALOG_COMPILER_APPICON_NAME = AppIcon;
				INFOPLIST_FILE = HolderTextViewTest/Info.plist;
				LD_RUNPATH_SEARCH_PATHS = "$(inherited) @executable_path/Frameworks";
				PRODUCT_NAME = "$(TARGET_NAME)";
			};
			name = Debug;
		};
		7FE3E2581AA2BBDD00D8D69B /* Release */ = {
			isa = XCBuildConfiguration;
			buildSettings = {
				ASSETCATALOG_COMPILER_APPICON_NAME = AppIcon;
				INFOPLIST_FILE = HolderTextViewTest/Info.plist;
				LD_RUNPATH_SEARCH_PATHS = "$(inherited) @executable_path/Frameworks";
				PRODUCT_NAME = "$(TARGET_NAME)";
			};
			name = Release;
		};
		7FE3E25A1AA2BBDD00D8D69B /* Debug */ = {
			isa = XCBuildConfiguration;
			buildSettings = {
				BUNDLE_LOADER = "$(TEST_HOST)";
				FRAMEWORK_SEARCH_PATHS = (
					"$(SDKROOT)/Developer/Library/Frameworks",
					"$(inherited)",
				);
				GCC_PREPROCESSOR_DEFINITIONS = (
					"DEBUG=1",
					"$(inherited)",
				);
				INFOPLIST_FILE = HolderTextViewTestTests/Info.plist;
				LD_RUNPATH_SEARCH_PATHS = "$(inherited) @executable_path/Frameworks @loader_path/Frameworks";
				PRODUCT_NAME = "$(TARGET_NAME)";
				TEST_HOST = "$(BUILT_PRODUCTS_DIR)/HolderTextViewTest.app/HolderTextViewTest";
			};
			name = Debug;
		};
		7FE3E25B1AA2BBDD00D8D69B /* Release */ = {
			isa = XCBuildConfiguration;
			buildSettings = {
				BUNDLE_LOADER = "$(TEST_HOST)";
				FRAMEWORK_SEARCH_PATHS = (
					"$(SDKROOT)/Developer/Library/Frameworks",
					"$(inherited)",
				);
				INFOPLIST_FILE = HolderTextViewTestTests/Info.plist;
				LD_RUNPATH_SEARCH_PATHS = "$(inherited) @executable_path/Frameworks @loader_path/Frameworks";
				PRODUCT_NAME = "$(TARGET_NAME)";
				TEST_HOST = "$(BUILT_PRODUCTS_DIR)/HolderTextViewTest.app/HolderTextViewTest";
			};
			name = Release;
		};
/* End XCBuildConfiguration section */

/* Begin XCConfigurationList section */
		7FE3E2321AA2BBDD00D8D69B /* Build configuration list for PBXProject "HolderTextViewTest" */ = {
			isa = XCConfigurationList;
			buildConfigurations = (
				7FE3E2541AA2BBDD00D8D69B /* Debug */,
				7FE3E2551AA2BBDD00D8D69B /* Release */,
			);
			defaultConfigurationIsVisible = 0;
			defaultConfigurationName = Release;
		};
		7FE3E2561AA2BBDD00D8D69B /* Build configuration list for PBXNativeTarget "HolderTextViewTest" */ = {
			isa = XCConfigurationList;
			buildConfigurations = (
				7FE3E2571AA2BBDD00D8D69B /* Debug */,
				7FE3E2581AA2BBDD00D8D69B /* Release */,
			);
			defaultConfigurationIsVisible = 0;
		};
		7FE3E2591AA2BBDD00D8D69B /* Build configuration list for PBXNativeTarget "HolderTextViewTestTests" */ = {
			isa = XCConfigurationList;
			buildConfigurations = (
				7FE3E25A1AA2BBDD00D8D69B /* Debug */,
				7FE3E25B1AA2BBDD00D8D69B /* Release */,
			);
			defaultConfigurationIsVisible = 0;
		};
/* End XCConfigurationList section */
	};
	rootObject = 7FE3E22F1AA2BBDD00D8D69B /* Project object */;
}
